
Microsoft Visual Studio Solution File, Format Version 12.00
# Visual Studio Version 16
VisualStudioVersion = 16.0.29306.81
MinimumVisualStudioVersion = 10.0.40219.1
Project("{9A19103F-16F7-4668-BE54-9A1E7A4F7556}") = "EmployeesApi", "EmployeesApi\EmployeesApi.csproj", "{A99E3AFF-29A4-4299-BE1A-1AF0DE64F7A5}"
EndProject
Project("{FAE04EC0-301F-11D3-BF4B-00C04F79EFBC}") = "EmployeesApp", "EmployeesApp\EmployeesApp.csproj", "{AA5A002E-AC4D-4CEF-B4F1-C3C876143360}"
EndProject
Global
	GlobalSection(SolutionConfigurationPlatforms) = preSolution
		Debug|Any CPU = Debug|Any CPU
		Release|Any CPU = Release|Any CPU
	EndGlobalSection
	GlobalSection(ProjectConfigurationPlatforms) = postSolution
		{A99E3AFF-29A4-4299-BE1A-1AF0DE64F7A5}.Debug|Any CPU.ActiveCfg = Debug|Any CPU
		{A99E3AFF-29A4-4299-BE1A-1AF0DE64F7A5}.Debug|Any CPU.Build.0 = Debug|Any CPU
		{A99E3AFF-29A4-4299-BE1A-1AF0DE64F7A5}.Release|Any CPU.ActiveCfg = Release|Any CPU
		{A99E3AFF-29A4-4299-BE1A-1AF0DE64F7A5}.Release|Any CPU.Build.0 = Release|Any CPU
		{AA5A002E-AC4D-4CEF-B4F1-C3C876143360}.Debug|Any CPU.ActiveCfg = Debug|Any CPU
		{AA5A002E-AC4D-4CEF-B4F1-C3C876143360}.Debug|Any CPU.Build.0 = Debug|Any CPU
		{AA5A002E-AC4D-4CEF-B4F1-C3C876143360}.Release|Any CPU.ActiveCfg = Release|Any CPU
		{AA5A002E-AC4D-4CEF-B4F1-C3C876143360}.Release|Any CPU.Build.0 = Release|Any CPU
	EndGlobalSection
	GlobalSection(SolutionProperties) = preSolution
		HideSolutionNode = FALSE
	EndGlobalSection
	GlobalSection(ExtensibilityGlobals) = postSolution
		SolutionGuid = {536A9252-B0A0-4620-99D0-EBB1C3D941ED}
	EndGlobalSection
EndGlobal
